
Microsoft Visual Studio Solution File, Format Version 12.00
# Visual Studio Version 17
VisualStudioVersion = 17.4.33213.308
MinimumVisualStudioVersion = 10.0.40219.1
Project("{FAE04EC0-301F-11D3-BF4B-00C04F79EFBC}") = "ShapeCharacteristics", "ShapeCharacteristics\ShapeCharacteristics.csproj", "{1062D991-D079-46F5-9861-130C5AA05353}"
EndProject
Global
	GlobalSection(SolutionConfigurationPlatforms) = preSolution
		Debug|Any CPU = Debug|Any CPU
		Release|Any CPU = Release|Any CPU
	EndGlobalSection
	GlobalSection(ProjectConfigurationPlatforms) = postSolution
		{1062D991-D079-46F5-9861-130C5AA05353}.Debug|Any CPU.ActiveCfg = Debug|Any CPU
		{1062D991-D079-46F5-9861-130C5AA05353}.Debug|Any CPU.Build.0 = Debug|Any CPU
		{1062D991-D079-46F5-9861-130C5AA05353}.Release|Any CPU.ActiveCfg = Release|Any CPU
		{1062D991-D079-46F5-9861-130C5AA05353}.Release|Any CPU.Build.0 = Release|Any CPU
	EndGlobalSection
	GlobalSection(SolutionProperties) = preSolution
		HideSolutionNode = FALSE
	EndGlobalSection
	GlobalSection(ExtensibilityGlobals) = postSolution
		SolutionGuid = {743E6579-F097-40FB-969F-EE10600915C8}
	EndGlobalSection
EndGlobal
